// !$*UTF8*$!
{
	archiveVersion = 1;
	classes = {
	};
	objectVersion = 56;
	objects = {

/* Begin PBXBuildFile section */
		6721E3F32B158CDE003A4E35 /* Reddit_AppApp.swift in Sources */ = {isa = PBXBuildFile; fileRef = 6721E3F22B158CDE003A4E35 /* Reddit_AppApp.swift */; };
		6721E3F52B158CDE003A4E35 /* NavigationRoot.swift in Sources */ = {isa = PBXBuildFile; fileRef = 6721E3F42B158CDE003A4E35 /* NavigationRoot.swift */; };
		6721E3F72B158CDF003A4E35 /* Assets.xcassets in Resources */ = {isa = PBXBuildFile; fileRef = 6721E3F62B158CDF003A4E35 /* Assets.xcassets */; };
		6721E3FA2B158CDF003A4E35 /* Preview Assets.xcassets in Resources */ = {isa = PBXBuildFile; fileRef = 6721E3F92B158CDF003A4E35 /* Preview Assets.xcassets */; };
		6721E4012B158D71003A4E35 /* HomeView.swift in Sources */ = {isa = PBXBuildFile; fileRef = 6721E4002B158D71003A4E35 /* HomeView.swift */; };
		6721E4032B158D7E003A4E35 /* CommunitiesView.swift in Sources */ = {isa = PBXBuildFile; fileRef = 6721E4022B158D7E003A4E35 /* CommunitiesView.swift */; };
		6721E4052B158D8B003A4E35 /* CreateView.swift in Sources */ = {isa = PBXBuildFile; fileRef = 6721E4042B158D8B003A4E35 /* CreateView.swift */; };
		6721E4072B158D97003A4E35 /* ChatView.swift in Sources */ = {isa = PBXBuildFile; fileRef = 6721E4062B158D97003A4E35 /* ChatView.swift */; };
		6721E4092B158DA8003A4E35 /* InboxView.swift in Sources */ = {isa = PBXBuildFile; fileRef = 6721E4082B158DA8003A4E35 /* InboxView.swift */; };
		6729DF512B1643E90046ED6D /* InProgressView.swift in Sources */ = {isa = PBXBuildFile; fileRef = 6729DF502B1643E90046ED6D /* InProgressView.swift */; };
		67548EF32B17E3D7000A6BDF /* ThreadView.swift in Sources */ = {isa = PBXBuildFile; fileRef = 67548EF22B17E3D7000A6BDF /* ThreadView.swift */; };
		677335662B1668AD008859A4 /* Models.swift in Sources */ = {isa = PBXBuildFile; fileRef = 677335652B1668AD008859A4 /* Models.swift */; };
		677335682B166C83008859A4 /* PostView.swift in Sources */ = {isa = PBXBuildFile; fileRef = 677335672B166C83008859A4 /* PostView.swift */; };
/* End PBXBuildFile section */

/* Begin PBXFileReference section */
		6721E3EF2B158CDE003A4E35 /* Reddit_App.app */ = {isa = PBXFileReference; explicitFileType = wrapper.application; includeInIndex = 0; path = Reddit_App.app; sourceTree = BUILT_PRODUCTS_DIR; };
		6721E3F22B158CDE003A4E35 /* Reddit_AppApp.swift */ = {isa = PBXFileReference; lastKnownFileType = sourcecode.swift; path = Reddit_AppApp.swift; sourceTree = "<group>"; };
		6721E3F42B158CDE003A4E35 /* NavigationRoot.swift */ = {isa = PBXFileReference; lastKnownFileType = sourcecode.swift; path = NavigationRoot.swift; sourceTree = "<group>"; };
		6721E3F62B158CDF003A4E35 /* Assets.xcassets */ = {isa = PBXFileReference; lastKnownFileType = folder.assetcatalog; path = Assets.xcassets; sourceTree = "<group>"; };
		6721E3F92B158CDF003A4E35 /* Preview Assets.xcassets */ = {isa = PBXFileReference; lastKnownFileType = folder.assetcatalog; path = "Preview Assets.xcassets"; sourceTree = "<group>"; };
		6721E4002B158D71003A4E35 /* HomeView.swift */ = {isa = PBXFileReference; lastKnownFileType = sourcecode.swift; path = HomeView.swift; sourceTree = SOURCE_ROOT; };
		6721E4022B158D7E003A4E35 /* CommunitiesView.swift */ = {isa = PBXFileReference; lastKnownFileType = sourcecode.swift; path = CommunitiesView.swift; sourceTree = SOURCE_ROOT; };
		6721E4042B158D8B003A4E35 /* CreateView.swift */ = {isa = PBXFileReference; lastKnownFileType = sourcecode.swift; path = CreateView.swift; sourceTree = SOURCE_ROOT; };
		6721E4062B158D97003A4E35 /* ChatView.swift */ = {isa = PBXFileReference; lastKnownFileType = sourcecode.swift; path = ChatView.swift; sourceTree = SOURCE_ROOT; };
		6721E4082B158DA8003A4E35 /* InboxView.swift */ = {isa = PBXFileReference; lastKnownFileType = sourcecode.swift; path = InboxView.swift; sourceTree = SOURCE_ROOT; };
		6729DF502B1643E90046ED6D /* InProgressView.swift */ = {isa = PBXFileReference; lastKnownFileType = sourcecode.swift; path = InProgressView.swift; sourceTree = SOURCE_ROOT; };
		67548EF22B17E3D7000A6BDF /* ThreadView.swift */ = {isa = PBXFileReference; lastKnownFileType = sourcecode.swift; path = ThreadView.swift; sourceTree = SOURCE_ROOT; };
		677335652B1668AD008859A4 /* Models.swift */ = {isa = PBXFileReference; lastKnownFileType = sourcecode.swift; path = Models.swift; sourceTree = SOURCE_ROOT; };
		677335672B166C83008859A4 /* PostView.swift */ = {isa = PBXFileReference; lastKnownFileType = sourcecode.swift; path = PostView.swift; sourceTree = SOURCE_ROOT; };
/* End PBXFileReference section */

/* Begin PBXFrameworksBuildPhase section */
		6721E3EC2B158CDE003A4E35 /* Frameworks */ = {
			isa = PBXFrameworksBuildPhase;
			buildActionMask = 2147483647;
			files = (
			);
			runOnlyForDeploymentPostprocessing = 0;
		};
/* End PBXFrameworksBuildPhase section */

/* Begin PBXGroup section */
		6721E3E62B158CDE003A4E35 = {
			isa = PBXGroup;
			children = (
				6721E3F12B158CDE003A4E35 /* Reddit_App */,
				6721E3F02B158CDE003A4E35 /* Products */,
			);
			sourceTree = "<group>";
		};
		6721E3F02B158CDE003A4E35 /* Products */ = {
			isa = PBXGroup;
			children = (
				6721E3EF2B158CDE003A4E35 /* Reddit_App.app */,
			);
			name = Products;
			sourceTree = "<group>";
		};
		6721E3F12B158CDE003A4E35 /* Reddit_App */ = {
			isa = PBXGroup;
			children = (
				67548EF22B17E3D7000A6BDF /* ThreadView.swift */,
				677335672B166C83008859A4 /* PostView.swift */,
				677335652B1668AD008859A4 /* Models.swift */,
				6729DF502B1643E90046ED6D /* InProgressView.swift */,
				6721E4082B158DA8003A4E35 /* InboxView.swift */,
				6721E4062B158D97003A4E35 /* ChatView.swift */,
				6721E4042B158D8B003A4E35 /* CreateView.swift */,
				6721E4022B158D7E003A4E35 /* CommunitiesView.swift */,
				6721E4002B158D71003A4E35 /* HomeView.swift */,
				6721E3F42B158CDE003A4E35 /* NavigationRoot.swift */,
				6721E3F22B158CDE003A4E35 /* Reddit_AppApp.swift */,
				6721E3F62B158CDF003A4E35 /* Assets.xcassets */,
				6721E3F82B158CDF003A4E35 /* Preview Content */,
			);
			path = Reddit_App;
			sourceTree = "<group>";
		};
		6721E3F82B158CDF003A4E35 /* Preview Content */ = {
			isa = PBXGroup;
			children = (
				6721E3F92B158CDF003A4E35 /* Preview Assets.xcassets */,
			);
			path = "Preview Content";
			sourceTree = "<group>";
		};
/* End PBXGroup section */

/* Begin PBXNativeTarget section */
		6721E3EE2B158CDE003A4E35 /* Reddit_App */ = {
			isa = PBXNativeTarget;
			buildConfigurationList = 6721E3FD2B158CDF003A4E35 /* Build configuration list for PBXNativeTarget "Reddit_App" */;
			buildPhases = (
				6721E3EB2B158CDE003A4E35 /* Sources */,
				6721E3EC2B158CDE003A4E35 /* Frameworks */,
				6721E3ED2B158CDE003A4E35 /* Resources */,
			);
			buildRules = (
			);
			dependencies = (
			);
			name = Reddit_App;
			productName = Reddit_App;
			productReference = 6721E3EF2B158CDE003A4E35 /* Reddit_App.app */;
			productType = "com.apple.product-type.application";
		};
/* End PBXNativeTarget section */

/* Begin PBXProject section */
		6721E3E72B158CDE003A4E35 /* Project object */ = {
			isa = PBXProject;
			attributes = {
				BuildIndependentTargetsInParallel = 1;
				LastSwiftUpdateCheck = 1500;
				LastUpgradeCheck = 1500;
				TargetAttributes = {
					6721E3EE2B158CDE003A4E35 = {
						CreatedOnToolsVersion = 15.0.1;
					};
				};
			};
			buildConfigurationList = 6721E3EA2B158CDE003A4E35 /* Build configuration list for PBXProject "Reddit_App" */;
			compatibilityVersion = "Xcode 14.0";
			developmentRegion = en;
			hasScannedForEncodings = 0;
			knownRegions = (
				en,
				Base,
			);
			mainGroup = 6721E3E62B158CDE003A4E35;
			productRefGroup = 6721E3F02B158CDE003A4E35 /* Products */;
			projectDirPath = "";
			projectRoot = "";
			targets = (
				6721E3EE2B158CDE003A4E35 /* Reddit_App */,
			);
		};
/* End PBXProject section */

/* Begin PBXResourcesBuildPhase section */
		6721E3ED2B158CDE003A4E35 /* Resources */ = {
			isa = PBXResourcesBuildPhase;
			buildActionMask = 2147483647;
			files = (
				6721E3FA2B158CDF003A4E35 /* Preview Assets.xcassets in Resources */,
				6721E3F72B158CDF003A4E35 /* Assets.xcassets in Resources */,
			);
			runOnlyForDeploymentPostprocessing = 0;
		};
/* End PBXResourcesBuildPhase section */

/* Begin PBXSourcesBuildPhase section */
		6721E3EB2B158CDE003A4E35 /* Sources */ = {
			isa = PBXSourcesBuildPhase;
			buildActionMask = 2147483647;
			files = (
				6721E4032B158D7E003A4E35 /* CommunitiesView.swift in Sources */,
				67548EF32B17E3D7000A6BDF /* ThreadView.swift in Sources */,
				6721E4012B158D71003A4E35 /* HomeView.swift in Sources */,
				6721E3F52B158CDE003A4E35 /* NavigationRoot.swift in Sources */,
				6721E4092B158DA8003A4E35 /* InboxView.swift in Sources */,
				6721E3F32B158CDE003A4E35 /* Reddit_AppApp.swift in Sources */,
				6721E4072B158D97003A4E35 /* ChatView.swift in Sources */,
				677335662B1668AD008859A4 /* Models.swift in Sources */,
				6729DF512B1643E90046ED6D /* InProgressView.swift in Sources */,
				677335682B166C83008859A4 /* PostView.swift in Sources */,
				6721E4052B158D8B003A4E35 /* CreateView.swift in Sources */,
			);
			runOnlyForDeploymentPostprocessing = 0;
		};
/* End PBXSourcesBuildPhase section */

/* Begin XCBuildConfiguration section */
		6721E3FB2B158CDF003A4E35 /* Debug */ = {
			isa = XCBuildConfiguration;
			buildSettings = {
				ALWAYS_SEARCH_USER_PATHS = NO;
				ASSETCATALOG_COMPILER_GENERATE_SWIFT_ASSET_SYMBOL_EXTENSIONS = YES;
				CLANG_ANALYZER_NONNULL = YES;
				CLANG_ANALYZER_NUMBER_OBJECT_CONVERSION = YES_AGGRESSIVE;
				CLANG_CXX_LANGUAGE_STANDARD = "gnu++20";
				CLANG_ENABLE_MODULES = YES;
				CLANG_ENABLE_OBJC_ARC = YES;
				CLANG_ENABLE_OBJC_WEAK = YES;
				CLANG_WARN_BLOCK_CAPTURE_AUTORELEASING = YES;
				CLANG_WARN_BOOL_CONVERSION = YES;
				CLANG_WARN_COMMA = YES;
				CLANG_WARN_CONSTANT_CONVERSION = YES;
				CLANG_WARN_DEPRECATED_OBJC_IMPLEMENTATIONS = YES;
				CLANG_WARN_DIRECT_OBJC_ISA_USAGE = YES_ERROR;
				CLANG_WARN_DOCUMENTATION_COMMENTS = YES;
				CLANG_WARN_EMPTY_BODY = YES;
				CLANG_WARN_ENUM_CONVERSION = YES;
				CLANG_WARN_INFINITE_RECURSION = YES;
				CLANG_WARN_INT_CONVERSION = YES;
				CLANG_WARN_NON_LITERAL_NULL_CONVERSION = YES;
				CLANG_WARN_OBJC_IMPLICIT_RETAIN_SELF = YES;
				CLANG_WARN_OBJC_LITERAL_CONVERSION = YES;
				CLANG_WARN_OBJC_ROOT_CLASS = YES_ERROR;
				CLANG_WARN_QUOTED_INCLUDE_IN_FRAMEWORK_HEADER = YES;
				CLANG_WARN_RANGE_LOOP_ANALYSIS = YES;
				CLANG_WARN_STRICT_PROTOTYPES = YES;
				CLANG_WARN_SUSPICIOUS_MOVE = YES;
				CLANG_WARN_UNGUARDED_AVAILABILITY = YES_AGGRESSIVE;
				CLANG_WARN_UNREACHABLE_CODE = YES;
				CLANG_WARN__DUPLICATE_METHOD_MATCH = YES;
				COPY_PHASE_STRIP = NO;
				DEBUG_INFORMATION_FORMAT = dwarf;
				ENABLE_STRICT_OBJC_MSGSEND = YES;
				ENABLE_TESTABILITY = YES;
				ENABLE_USER_SCRIPT_SANDBOXING = YES;
				GCC_C_LANGUAGE_STANDARD = gnu17;
				GCC_DYNAMIC_NO_PIC = NO;
				GCC_NO_COMMON_BLOCKS = YES;
				GCC_OPTIMIZATION_LEVEL = 0;
				GCC_PREPROCESSOR_DEFINITIONS = (
					"DEBUG=1",
					"$(inherited)",
				);
				GCC_WARN_64_TO_32_BIT_CONVERSION = YES;
				GCC_WARN_ABOUT_RETURN_TYPE = YES_ERROR;
				GCC_WARN_UNDECLARED_SELECTOR = YES;
				GCC_WARN_UNINITIALIZED_AUTOS = YES_AGGRESSIVE;
				GCC_WARN_UNUSED_FUNCTION = YES;
				GCC_WARN_UNUSED_VARIABLE = YES;
				IPHONEOS_DEPLOYMENT_TARGET = 17.0;
				LOCALIZATION_PREFERS_STRING_CATALOGS = YES;
				MTL_ENABLE_DEBUG_INFO = INCLUDE_SOURCE;
				MTL_FAST_MATH = YES;
				ONLY_ACTIVE_ARCH = YES;
				SDKROOT = iphoneos;
				SWIFT_ACTIVE_COMPILATION_CONDITIONS = "DEBUG $(inherited)";
				SWIFT_OPTIMIZATION_LEVEL = "-Onone";
			};
			name = Debug;
		};
		6721E3FC2B158CDF003A4E35 /* Release */ = {
			isa = XCBuildConfiguration;
			buildSettings = {
				ALWAYS_SEARCH_USER_PATHS = NO;
				ASSETCATALOG_COMPILER_GENERATE_SWIFT_ASSET_SYMBOL_EXTENSIONS = YES;
				CLANG_ANALYZER_NONNULL = YES;
				CLANG_ANALYZER_NUMBER_OBJECT_CONVERSION = YES_AGGRESSIVE;
				CLANG_CXX_LANGUAGE_STANDARD = "gnu++20";
				CLANG_ENABLE_MODULES = YES;
				CLANG_ENABLE_OBJC_ARC = YES;
				CLANG_ENABLE_OBJC_WEAK = YES;
				CLANG_WARN_BLOCK_CAPTURE_AUTORELEASING = YES;
				CLANG_WARN_BOOL_CONVERSION = YES;
				CLANG_WARN_COMMA = YES;
				CLANG_WARN_CONSTANT_CONVERSION = YES;
				CLANG_WARN_DEPRECATED_OBJC_IMPLEMENTATIONS = YES;
				CLANG_WARN_DIRECT_OBJC_ISA_USAGE = YES_ERROR;
				CLANG_WARN_DOCUMENTATION_COMMENTS = YES;
				CLANG_WARN_EMPTY_BODY = YES;
				CLANG_WARN_ENUM_CONVERSION = YES;
				CLANG_WARN_INFINITE_RECURSION = YES;
				CLANG_WARN_INT_CONVERSION = YES;
				CLANG_WARN_NON_LITERAL_NULL_CONVERSION = YES;
				CLANG_WARN_OBJC_IMPLICIT_RETAIN_SELF = YES;
				CLANG_WARN_OBJC_LITERAL_CONVERSION = YES;
				CLANG_WARN_OBJC_ROOT_CLASS = YES_ERROR;
				CLANG_WARN_QUOTED_INCLUDE_IN_FRAMEWORK_HEADER = YES;
				CLANG_WARN_RANGE_LOOP_ANALYSIS = YES;
				CLANG_WARN_STRICT_PROTOTYPES = YES;
				CLANG_WARN_SUSPICIOUS_MOVE = YES;
				CLANG_WARN_UNGUARDED_AVAILABILITY = YES_AGGRESSIVE;
				CLANG_WARN_UNREACHABLE_CODE = YES;
				CLANG_WARN__DUPLICATE_METHOD_MATCH = YES;
				COPY_PHASE_STRIP = NO;
				DEBUG_INFORMATION_FORMAT = "dwarf-with-dsym";
				ENABLE_NS_ASSERTIONS = NO;
				ENABLE_STRICT_OBJC_MSGSEND = YES;
				ENABLE_USER_SCRIPT_SANDBOXING = YES;
				GCC_C_LANGUAGE_STANDARD = gnu17;
				GCC_NO_COMMON_BLOCKS = YES;
				GCC_WARN_64_TO_32_BIT_CONVERSION = YES;
				GCC_WARN_ABOUT_RETURN_TYPE = YES_ERROR;
				GCC_WARN_UNDECLARED_SELECTOR = YES;
				GCC_WARN_UNINITIALIZED_AUTOS = YES_AGGRESSIVE;
				GCC_WARN_UNUSED_FUNCTION = YES;
				GCC_WARN_UNUSED_VARIABLE = YES;
				IPHONEOS_DEPLOYMENT_TARGET = 17.0;
				LOCALIZATION_PREFERS_STRING_CATALOGS = YES;
				MTL_ENABLE_DEBUG_INFO = NO;
				MTL_FAST_MATH = YES;
				SDKROOT = iphoneos;
				SWIFT_COMPILATION_MODE = wholemodule;
				VALIDATE_PRODUCT = YES;
			};
			name = Release;
		};
		6721E3FE2B158CDF003A4E35 /* Debug */ = {
			isa = XCBuildConfiguration;
			buildSettings = {
				ASSETCATALOG_COMPILER_APPICON_NAME = AppIcon;
				ASSETCATALOG_COMPILER_GLOBAL_ACCENT_COLOR_NAME = AccentColor;
				CODE_SIGN_STYLE = Automatic;
				CURRENT_PROJECT_VERSION = 1;
				DEVELOPMENT_ASSET_PATHS = "\"Reddit_App/Preview Content\"";
				DEVELOPMENT_TEAM = 4VV7DA37HA;
				ENABLE_PREVIEWS = YES;
				GENERATE_INFOPLIST_FILE = YES;
				INFOPLIST_KEY_UIApplicationSceneManifest_Generation = YES;
				INFOPLIST_KEY_UIApplicationSupportsIndirectInputEvents = YES;
				INFOPLIST_KEY_UILaunchScreen_Generation = YES;
				INFOPLIST_KEY_UISupportedInterfaceOrientations_iPad = "UIInterfaceOrientationPortrait UIInterfaceOrientationPortraitUpsideDown UIInterfaceOrientationLandscapeLeft UIInterfaceOrientationLandscapeRight";
				INFOPLIST_KEY_UISupportedInterfaceOrientations_iPhone = "UIInterfaceOrientationPortrait UIInterfaceOrientationLandscapeLeft UIInterfaceOrientationLandscapeRight";
				LD_RUNPATH_SEARCH_PATHS = (
					"$(inherited)",
					"@executable_path/Frameworks",
				);
				MARKETING_VERSION = 1.0;
				PRODUCT_BUNDLE_IDENTIFIER = "jonathanbarta.Reddit-App";
				PRODUCT_NAME = "$(TARGET_NAME)";
				SWIFT_EMIT_LOC_STRINGS = YES;
				SWIFT_VERSION = 5.0;
				TARGETED_DEVICE_FAMILY = "1,2";
			};
			name = Debug;
		};
		6721E3FF2B158CDF003A4E35 /* Release */ = {
			isa = XCBuildConfiguration;
			buildSettings = {
				ASSETCATALOG_COMPILER_APPICON_NAME = AppIcon;
				ASSETCATALOG_COMPILER_GLOBAL_ACCENT_COLOR_NAME = AccentColor;
				CODE_SIGN_STYLE = Automatic;
				CURRENT_PROJECT_VERSION = 1;
				DEVELOPMENT_ASSET_PATHS = "\"Reddit_App/Preview Content\"";
				DEVELOPMENT_TEAM = 4VV7DA37HA;
				ENABLE_PREVIEWS = YES;
				GENERATE_INFOPLIST_FILE = YES;
				INFOPLIST_KEY_UIApplicationSceneManifest_Generation = YES;
				INFOPLIST_KEY_UIApplicationSupportsIndirectInputEvents = YES;
				INFOPLIST_KEY_UILaunchScreen_Generation = YES;
				INFOPLIST_KEY_UISupportedInterfaceOrientations_iPad = "UIInterfaceOrientationPortrait UIInterfaceOrientationPortraitUpsideDown UIInterfaceOrientationLandscapeLeft UIInterfaceOrientationLandscapeRight";
				INFOPLIST_KEY_UISupportedInterfaceOrientations_iPhone = "UIInterfaceOrientationPortrait UIInterfaceOrientationLandscapeLeft UIInterfaceOrientationLandscapeRight";
				LD_RUNPATH_SEARCH_PATHS = (
					"$(inherited)",
					"@executable_path/Frameworks",
				);
				MARKETING_VERSION = 1.0;
				PRODUCT_BUNDLE_IDENTIFIER = "jonathanbarta.Reddit-App";
				PRODUCT_NAME = "$(TARGET_NAME)";
				SWIFT_EMIT_LOC_STRINGS = YES;
				SWIFT_VERSION = 5.0;
				TARGETED_DEVICE_FAMILY = "1,2";
			};
			name = Release;
		};
/* End XCBuildConfiguration section */

/* Begin XCConfigurationList section */
		6721E3EA2B158CDE003A4E35 /* Build configuration list for PBXProject "Reddit_App" */ = {
			isa = XCConfigurationList;
			buildConfigurations = (
				6721E3FB2B158CDF003A4E35 /* Debug */,
				6721E3FC2B158CDF003A4E35 /* Release */,
			);
			defaultConfigurationIsVisible = 0;
			defaultConfigurationName = Release;
		};
		6721E3FD2B158CDF003A4E35 /* Build configuration list for PBXNativeTarget "Reddit_App" */ = {
			isa = XCConfigurationList;
			buildConfigurations = (
				6721E3FE2B158CDF003A4E35 /* Debug */,
				6721E3FF2B158CDF003A4E35 /* Release */,
			);
			defaultConfigurationIsVisible = 0;
			defaultConfigurationName = Release;
		};
/* End XCConfigurationList section */
	};
	rootObject = 6721E3E72B158CDE003A4E35 /* Project object */;
}
